// !$*UTF8*$!
{
	archiveVersion = 1;
	classes = {
	};
	objectVersion = 55;
	objects = {

/* Begin PBXBuildFile section */
		6F6805802859FAA7002AD69C /* AppDelegate.swift in Sources */ = {isa = PBXBuildFile; fileRef = 6F68057F2859FAA7002AD69C /* AppDelegate.swift */; };
		6F6805822859FAA7002AD69C /* SceneDelegate.swift in Sources */ = {isa = PBXBuildFile; fileRef = 6F6805812859FAA7002AD69C /* SceneDelegate.swift */; };
		6F6805842859FAA7002AD69C /* ViewController.swift in Sources */ = {isa = PBXBuildFile; fileRef = 6F6805832859FAA7002AD69C /* ViewController.swift */; };
		6F6805872859FAA7002AD69C /* Main.storyboard in Resources */ = {isa = PBXBuildFile; fileRef = 6F6805852859FAA7002AD69C /* Main.storyboard */; };
		6F68058A2859FAA7002AD69C /* MoveiBubu.xcdatamodeld in Sources */ = {isa = PBXBuildFile; fileRef = 6F6805882859FAA7002AD69C /* MoveiBubu.xcdatamodeld */; };
		6F68058C2859FAA9002AD69C /* Assets.xcassets in Resources */ = {isa = PBXBuildFile; fileRef = 6F68058B2859FAA9002AD69C /* Assets.xcassets */; };
		6F68058F2859FAA9002AD69C /* LaunchScreen.storyboard in Resources */ = {isa = PBXBuildFile; fileRef = 6F68058D2859FAA9002AD69C /* LaunchScreen.storyboard */; };
		6F68059A2859FAA9002AD69C /* MoveiBubuTests.swift in Sources */ = {isa = PBXBuildFile; fileRef = 6F6805992859FAA9002AD69C /* MoveiBubuTests.swift */; };
		6F6805A42859FAA9002AD69C /* MoveiBubuUITests.swift in Sources */ = {isa = PBXBuildFile; fileRef = 6F6805A32859FAA9002AD69C /* MoveiBubuUITests.swift */; };
		6F6805A62859FAA9002AD69C /* MoveiBubuUITestsLaunchTests.swift in Sources */ = {isa = PBXBuildFile; fileRef = 6F6805A52859FAA9002AD69C /* MoveiBubuUITestsLaunchTests.swift */; };
		6F6805B92859FC28002AD69C /* ListViewController.swift in Sources */ = {isa = PBXBuildFile; fileRef = 6F6805B82859FC28002AD69C /* ListViewController.swift */; };
		6F6805BC2859FC56002AD69C /* ListTableViewCell.swift in Sources */ = {isa = PBXBuildFile; fileRef = 6F6805BA2859FC56002AD69C /* ListTableViewCell.swift */; };
		6F6805BD2859FC56002AD69C /* ListTableViewCell.xib in Resources */ = {isa = PBXBuildFile; fileRef = 6F6805BB2859FC56002AD69C /* ListTableViewCell.xib */; };
		6FF1718A285B76EC00A689A9 /* CastCollectionViewCell.swift in Sources */ = {isa = PBXBuildFile; fileRef = 6FF17188285B76EC00A689A9 /* CastCollectionViewCell.swift */; };
		6FF1718B285B76EC00A689A9 /* CastCollectionViewCell.xib in Resources */ = {isa = PBXBuildFile; fileRef = 6FF17189285B76EC00A689A9 /* CastCollectionViewCell.xib */; };
		6FF1718F285B788E00A689A9 /* RecommCollectionViewCell.swift in Sources */ = {isa = PBXBuildFile; fileRef = 6FF1718D285B788E00A689A9 /* RecommCollectionViewCell.swift */; };
		6FF17190285B788E00A689A9 /* RecommCollectionViewCell.xib in Resources */ = {isa = PBXBuildFile; fileRef = 6FF1718E285B788E00A689A9 /* RecommCollectionViewCell.xib */; };
		6FF17194285B7AA600A689A9 /* castModel.swift in Sources */ = {isa = PBXBuildFile; fileRef = 6FF17193285B7AA600A689A9 /* castModel.swift */; };
		6FF17196285B7B4800A689A9 /* castServices.swift in Sources */ = {isa = PBXBuildFile; fileRef = 6FF17195285B7B4800A689A9 /* castServices.swift */; };
		6FF17198285B81E000A689A9 /* creditsModel.swift in Sources */ = {isa = PBXBuildFile; fileRef = 6FF17197285B81E000A689A9 /* creditsModel.swift */; };
		6FF1719E285B828300A689A9 /* creditsResponse.swift in Sources */ = {isa = PBXBuildFile; fileRef = 6FF1719D285B828300A689A9 /* creditsResponse.swift */; };
		6FF171A0285B82D700A689A9 /* CreditsServices.swift in Sources */ = {isa = PBXBuildFile; fileRef = 6FF1719F285B82D700A689A9 /* CreditsServices.swift */; };
		6FF98121285A041C00D58AD1 /* Kingfisher in Frameworks */ = {isa = PBXBuildFile; productRef = 6FF98120285A041C00D58AD1 /* Kingfisher */; };
		6FF98124285A051000D58AD1 /* ListModel.swift in Sources */ = {isa = PBXBuildFile; fileRef = 6FF98123285A051000D58AD1 /* ListModel.swift */; };
		6FF98126285A054100D58AD1 /* ListResponse.swift in Sources */ = {isa = PBXBuildFile; fileRef = 6FF98125285A054100D58AD1 /* ListResponse.swift */; };
		6FF98129285A058A00D58AD1 /* Network.swift in Sources */ = {isa = PBXBuildFile; fileRef = 6FF98128285A058A00D58AD1 /* Network.swift */; };
		6FF9812C285A05CE00D58AD1 /* ListServices.swift in Sources */ = {isa = PBXBuildFile; fileRef = 6FF9812B285A05CE00D58AD1 /* ListServices.swift */; };
		6FF9812E285A063900D58AD1 /* DetailServices.swift in Sources */ = {isa = PBXBuildFile; fileRef = 6FF9812D285A063900D58AD1 /* DetailServices.swift */; };
		6FF98131285A066300D58AD1 /* DetailModel.swift in Sources */ = {isa = PBXBuildFile; fileRef = 6FF98130285A066300D58AD1 /* DetailModel.swift */; };
		6FF98134285A070200D58AD1 /* DetailViewController.swift in Sources */ = {isa = PBXBuildFile; fileRef = 6FF98133285A070200D58AD1 /* DetailViewController.swift */; };
/* End PBXBuildFile section */

/* Begin PBXContainerItemProxy section */
		6F6805962859FAA9002AD69C /* PBXContainerItemProxy */ = {
			isa = PBXContainerItemProxy;
			containerPortal = 6F6805742859FAA7002AD69C /* Project object */;
			proxyType = 1;
			remoteGlobalIDString = 6F68057B2859FAA7002AD69C;
			remoteInfo = MoveiBubu;
		};
		6F6805A02859FAA9002AD69C /* PBXContainerItemProxy */ = {
			isa = PBXContainerItemProxy;
			containerPortal = 6F6805742859FAA7002AD69C /* Project object */;
			proxyType = 1;
			remoteGlobalIDString = 6F68057B2859FAA7002AD69C;
			remoteInfo = MoveiBubu;
		};
/* End PBXContainerItemProxy section */

/* Begin PBXFileReference section */
		6F68057C2859FAA7002AD69C /* MoveiBubu.app */ = {isa = PBXFileReference; explicitFileType = wrapper.application; includeInIndex = 0; path = MoveiBubu.app; sourceTree = BUILT_PRODUCTS_DIR; };
		6F68057F2859FAA7002AD69C /* AppDelegate.swift */ = {isa = PBXFileReference; lastKnownFileType = sourcecode.swift; path = AppDelegate.swift; sourceTree = "<group>"; };
		6F6805812859FAA7002AD69C /* SceneDelegate.swift */ = {isa = PBXFileReference; lastKnownFileType = sourcecode.swift; path = SceneDelegate.swift; sourceTree = "<group>"; };
		6F6805832859FAA7002AD69C /* ViewController.swift */ = {isa = PBXFileReference; lastKnownFileType = sourcecode.swift; path = ViewController.swift; sourceTree = "<group>"; };
		6F6805862859FAA7002AD69C /* Base */ = {isa = PBXFileReference; lastKnownFileType = file.storyboard; name = Base; path = Base.lproj/Main.storyboard; sourceTree = "<group>"; };
		6F6805892859FAA7002AD69C /* MoveiBubu.xcdatamodel */ = {isa = PBXFileReference; lastKnownFileType = wrapper.xcdatamodel; path = MoveiBubu.xcdatamodel; sourceTree = "<group>"; };
		6F68058B2859FAA9002AD69C /* Assets.xcassets */ = {isa = PBXFileReference; lastKnownFileType = folder.assetcatalog; path = Assets.xcassets; sourceTree = "<group>"; };
		6F68058E2859FAA9002AD69C /* Base */ = {isa = PBXFileReference; lastKnownFileType = file.storyboard; name = Base; path = Base.lproj/LaunchScreen.storyboard; sourceTree = "<group>"; };
		6F6805902859FAA9002AD69C /* Info.plist */ = {isa = PBXFileReference; lastKnownFileType = text.plist.xml; path = Info.plist; sourceTree = "<group>"; };
		6F6805952859FAA9002AD69C /* MoveiBubuTests.xctest */ = {isa = PBXFileReference; explicitFileType = wrapper.cfbundle; includeInIndex = 0; path = MoveiBubuTests.xctest; sourceTree = BUILT_PRODUCTS_DIR; };
		6F6805992859FAA9002AD69C /* MoveiBubuTests.swift */ = {isa = PBXFileReference; lastKnownFileType = sourcecode.swift; path = MoveiBubuTests.swift; sourceTree = "<group>"; };
		6F68059F2859FAA9002AD69C /* MoveiBubuUITests.xctest */ = {isa = PBXFileReference; explicitFileType = wrapper.cfbundle; includeInIndex = 0; path = MoveiBubuUITests.xctest; sourceTree = BUILT_PRODUCTS_DIR; };
		6F6805A32859FAA9002AD69C /* MoveiBubuUITests.swift */ = {isa = PBXFileReference; lastKnownFileType = sourcecode.swift; path = MoveiBubuUITests.swift; sourceTree = "<group>"; };
		6F6805A52859FAA9002AD69C /* MoveiBubuUITestsLaunchTests.swift */ = {isa = PBXFileReference; lastKnownFileType = sourcecode.swift; path = MoveiBubuUITestsLaunchTests.swift; sourceTree = "<group>"; };
		6F6805B82859FC28002AD69C /* ListViewController.swift */ = {isa = PBXFileReference; lastKnownFileType = sourcecode.swift; path = ListViewController.swift; sourceTree = "<group>"; };
		6F6805BA2859FC56002AD69C /* ListTableViewCell.swift */ = {isa = PBXFileReference; lastKnownFileType = sourcecode.swift; path = ListTableViewCell.swift; sourceTree = "<group>"; };
		6F6805BB2859FC56002AD69C /* ListTableViewCell.xib */ = {isa = PBXFileReference; lastKnownFileType = file.xib; path = ListTableViewCell.xib; sourceTree = "<group>"; };
		6FF17188285B76EC00A689A9 /* CastCollectionViewCell.swift */ = {isa = PBXFileReference; lastKnownFileType = sourcecode.swift; path = CastCollectionViewCell.swift; sourceTree = "<group>"; };
		6FF17189285B76EC00A689A9 /* CastCollectionViewCell.xib */ = {isa = PBXFileReference; lastKnownFileType = file.xib; path = CastCollectionViewCell.xib; sourceTree = "<group>"; };
		6FF1718D285B788E00A689A9 /* RecommCollectionViewCell.swift */ = {isa = PBXFileReference; lastKnownFileType = sourcecode.swift; path = RecommCollectionViewCell.swift; sourceTree = "<group>"; };
		6FF1718E285B788E00A689A9 /* RecommCollectionViewCell.xib */ = {isa = PBXFileReference; lastKnownFileType = file.xib; path = RecommCollectionViewCell.xib; sourceTree = "<group>"; };
		6FF17193285B7AA600A689A9 /* castModel.swift */ = {isa = PBXFileReference; lastKnownFileType = sourcecode.swift; path = castModel.swift; sourceTree = "<group>"; };
		6FF17195285B7B4800A689A9 /* castServices.swift */ = {isa = PBXFileReference; lastKnownFileType = sourcecode.swift; path = castServices.swift; sourceTree = "<group>"; };
		6FF17197285B81E000A689A9 /* creditsModel.swift */ = {isa = PBXFileReference; lastKnownFileType = sourcecode.swift; path = creditsModel.swift; sourceTree = "<group>"; };
		6FF1719D285B828300A689A9 /* creditsResponse.swift */ = {isa = PBXFileReference; lastKnownFileType = sourcecode.swift; path = creditsResponse.swift; sourceTree = "<group>"; };
		6FF1719F285B82D700A689A9 /* CreditsServices.swift */ = {isa = PBXFileReference; lastKnownFileType = sourcecode.swift; path = CreditsServices.swift; sourceTree = "<group>"; };
		6FF98123285A051000D58AD1 /* ListModel.swift */ = {isa = PBXFileReference; lastKnownFileType = sourcecode.swift; path = ListModel.swift; sourceTree = "<group>"; };
		6FF98125285A054100D58AD1 /* ListResponse.swift */ = {isa = PBXFileReference; lastKnownFileType = sourcecode.swift; path = ListResponse.swift; sourceTree = "<group>"; };
		6FF98128285A058A00D58AD1 /* Network.swift */ = {isa = PBXFileReference; lastKnownFileType = sourcecode.swift; path = Network.swift; sourceTree = "<group>"; };
		6FF9812B285A05CE00D58AD1 /* ListServices.swift */ = {isa = PBXFileReference; lastKnownFileType = sourcecode.swift; path = ListServices.swift; sourceTree = "<group>"; };
		6FF9812D285A063900D58AD1 /* DetailServices.swift */ = {isa = PBXFileReference; lastKnownFileType = sourcecode.swift; path = DetailServices.swift; sourceTree = "<group>"; };
		6FF98130285A066300D58AD1 /* DetailModel.swift */ = {isa = PBXFileReference; lastKnownFileType = sourcecode.swift; path = DetailModel.swift; sourceTree = "<group>"; };
		6FF98133285A070200D58AD1 /* DetailViewController.swift */ = {isa = PBXFileReference; lastKnownFileType = sourcecode.swift; path = DetailViewController.swift; sourceTree = "<group>"; };
/* End PBXFileReference section */

/* Begin PBXFrameworksBuildPhase section */
		6F6805792859FAA7002AD69C /* Frameworks */ = {
			isa = PBXFrameworksBuildPhase;
			buildActionMask = 2147483647;
			files = (
				6FF98121285A041C00D58AD1 /* Kingfisher in Frameworks */,
			);
			runOnlyForDeploymentPostprocessing = 0;
		};
		6F6805922859FAA9002AD69C /* Frameworks */ = {
			isa = PBXFrameworksBuildPhase;
			buildActionMask = 2147483647;
			files = (
			);
			runOnlyForDeploymentPostprocessing = 0;
		};
		6F68059C2859FAA9002AD69C /* Frameworks */ = {
			isa = PBXFrameworksBuildPhase;
			buildActionMask = 2147483647;
			files = (
			);
			runOnlyForDeploymentPostprocessing = 0;
		};
/* End PBXFrameworksBuildPhase section */

/* Begin PBXGroup section */
		6F6805732859FAA7002AD69C = {
			isa = PBXGroup;
			children = (
				6F68057E2859FAA7002AD69C /* MoveiBubu */,
				6F6805982859FAA9002AD69C /* MoveiBubuTests */,
				6F6805A22859FAA9002AD69C /* MoveiBubuUITests */,
				6F68057D2859FAA7002AD69C /* Products */,
			);
			sourceTree = "<group>";
		};
		6F68057D2859FAA7002AD69C /* Products */ = {
			isa = PBXGroup;
			children = (
				6F68057C2859FAA7002AD69C /* MoveiBubu.app */,
				6F6805952859FAA9002AD69C /* MoveiBubuTests.xctest */,
				6F68059F2859FAA9002AD69C /* MoveiBubuUITests.xctest */,
			);
			name = Products;
			sourceTree = "<group>";
		};
		6F68057E2859FAA7002AD69C /* MoveiBubu */ = {
			isa = PBXGroup;
			children = (
				6FF98127285A056200D58AD1 /* Network */,
				6F6805BE2859FC5B002AD69C /* List */,
				6FF98132285A069D00D58AD1 /* Detail */,
				6F68057F2859FAA7002AD69C /* AppDelegate.swift */,
				6F6805812859FAA7002AD69C /* SceneDelegate.swift */,
				6F6805832859FAA7002AD69C /* ViewController.swift */,
				6F6805852859FAA7002AD69C /* Main.storyboard */,
				6F68058B2859FAA9002AD69C /* Assets.xcassets */,
				6F68058D2859FAA9002AD69C /* LaunchScreen.storyboard */,
				6F6805902859FAA9002AD69C /* Info.plist */,
				6F6805882859FAA7002AD69C /* MoveiBubu.xcdatamodeld */,
			);
			path = MoveiBubu;
			sourceTree = "<group>";
		};
		6F6805982859FAA9002AD69C /* MoveiBubuTests */ = {
			isa = PBXGroup;
			children = (
				6F6805992859FAA9002AD69C /* MoveiBubuTests.swift */,
			);
			path = MoveiBubuTests;
			sourceTree = "<group>";
		};
		6F6805A22859FAA9002AD69C /* MoveiBubuUITests */ = {
			isa = PBXGroup;
			children = (
				6F6805A32859FAA9002AD69C /* MoveiBubuUITests.swift */,
				6F6805A52859FAA9002AD69C /* MoveiBubuUITestsLaunchTests.swift */,
			);
			path = MoveiBubuUITests;
			sourceTree = "<group>";
		};
		6F6805BE2859FC5B002AD69C /* List */ = {
			isa = PBXGroup;
			children = (
				6F6805B82859FC28002AD69C /* ListViewController.swift */,
				6F6805BA2859FC56002AD69C /* ListTableViewCell.swift */,
				6F6805BB2859FC56002AD69C /* ListTableViewCell.xib */,
			);
			path = List;
			sourceTree = "<group>";
		};
		6FF17187285B76D300A689A9 /* cast */ = {
			isa = PBXGroup;
			children = (
				6FF17188285B76EC00A689A9 /* CastCollectionViewCell.swift */,
				6FF17189285B76EC00A689A9 /* CastCollectionViewCell.xib */,
			);
			path = cast;
			sourceTree = "<group>";
		};
		6FF1718C285B786600A689A9 /* recomm */ = {
			isa = PBXGroup;
			children = (
				6FF1718D285B788E00A689A9 /* RecommCollectionViewCell.swift */,
				6FF1718E285B788E00A689A9 /* RecommCollectionViewCell.xib */,
			);
			path = recomm;
			sourceTree = "<group>";
		};
		6FF17191285B799200A689A9 /* genres */ = {
			isa = PBXGroup;
			children = (
			);
			path = genres;
			sourceTree = "<group>";
		};
		6FF17192285B79A000A689A9 /* character */ = {
			isa = PBXGroup;
			children = (
			);
			path = character;
			sourceTree = "<group>";
		};
		6FF98122285A04F100D58AD1 /* Model */ = {
			isa = PBXGroup;
			children = (
				6FF98123285A051000D58AD1 /* ListModel.swift */,
				6FF98125285A054100D58AD1 /* ListResponse.swift */,
				6FF98130285A066300D58AD1 /* DetailModel.swift */,
				6FF17193285B7AA600A689A9 /* castModel.swift */,
				6FF17197285B81E000A689A9 /* creditsModel.swift */,
				6FF1719D285B828300A689A9 /* creditsResponse.swift */,
			);
			path = Model;
			sourceTree = "<group>";
		};
		6FF98127285A056200D58AD1 /* Network */ = {
			isa = PBXGroup;
			children = (
				6FF9812A285A059500D58AD1 /* Services */,
				6FF98122285A04F100D58AD1 /* Model */,
				6FF98128285A058A00D58AD1 /* Network.swift */,
			);
			path = Network;
			sourceTree = "<group>";
		};
		6FF9812A285A059500D58AD1 /* Services */ = {
			isa = PBXGroup;
			children = (
				6FF9812B285A05CE00D58AD1 /* ListServices.swift */,
				6FF9812D285A063900D58AD1 /* DetailServices.swift */,
				6FF17195285B7B4800A689A9 /* castServices.swift */,
				6FF1719F285B82D700A689A9 /* CreditsServices.swift */,
			);
			path = Services;
			sourceTree = "<group>";
		};
		6FF98132285A069D00D58AD1 /* Detail */ = {
			isa = PBXGroup;
			children = (
				6FF17192285B79A000A689A9 /* character */,
				6FF17191285B799200A689A9 /* genres */,
				6FF1718C285B786600A689A9 /* recomm */,
				6FF17187285B76D300A689A9 /* cast */,
				6FF98133285A070200D58AD1 /* DetailViewController.swift */,
			);
			path = Detail;
			sourceTree = "<group>";
		};
/* End PBXGroup section */

/* Begin PBXNativeTarget section */
		6F68057B2859FAA7002AD69C /* MoveiBubu */ = {
			isa = PBXNativeTarget;
			buildConfigurationList = 6F6805A92859FAA9002AD69C /* Build configuration list for PBXNativeTarget "MoveiBubu" */;
			buildPhases = (
				6F6805782859FAA7002AD69C /* Sources */,
				6F6805792859FAA7002AD69C /* Frameworks */,
				6F68057A2859FAA7002AD69C /* Resources */,
			);
			buildRules = (
			);
			dependencies = (
			);
			name = MoveiBubu;
			packageProductDependencies = (
				6FF98120285A041C00D58AD1 /* Kingfisher */,
			);
			productName = MoveiBubu;
			productReference = 6F68057C2859FAA7002AD69C /* MoveiBubu.app */;
			productType = "com.apple.product-type.application";
		};
		6F6805942859FAA9002AD69C /* MoveiBubuTests */ = {
			isa = PBXNativeTarget;
			buildConfigurationList = 6F6805AC2859FAA9002AD69C /* Build configuration list for PBXNativeTarget "MoveiBubuTests" */;
			buildPhases = (
				6F6805912859FAA9002AD69C /* Sources */,
				6F6805922859FAA9002AD69C /* Frameworks */,
				6F6805932859FAA9002AD69C /* Resources */,
			);
			buildRules = (
			);
			dependencies = (
				6F6805972859FAA9002AD69C /* PBXTargetDependency */,
			);
			name = MoveiBubuTests;
			productName = MoveiBubuTests;
			productReference = 6F6805952859FAA9002AD69C /* MoveiBubuTests.xctest */;
			productType = "com.apple.product-type.bundle.unit-test";
		};
		6F68059E2859FAA9002AD69C /* MoveiBubuUITests */ = {
			isa = PBXNativeTarget;
			buildConfigurationList = 6F6805AF2859FAA9002AD69C /* Build configuration list for PBXNativeTarget "MoveiBubuUITests" */;
			buildPhases = (
				6F68059B2859FAA9002AD69C /* Sources */,
				6F68059C2859FAA9002AD69C /* Frameworks */,
				6F68059D2859FAA9002AD69C /* Resources */,
			);
			buildRules = (
			);
			dependencies = (
				6F6805A12859FAA9002AD69C /* PBXTargetDependency */,
			);
			name = MoveiBubuUITests;
			productName = MoveiBubuUITests;
			productReference = 6F68059F2859FAA9002AD69C /* MoveiBubuUITests.xctest */;
			productType = "com.apple.product-type.bundle.ui-testing";
		};
/* End PBXNativeTarget section */

/* Begin PBXProject section */
		6F6805742859FAA7002AD69C /* Project object */ = {
			isa = PBXProject;
			attributes = {
				BuildIndependentTargetsInParallel = 1;
				LastSwiftUpdateCheck = 1340;
				LastUpgradeCheck = 1340;
				TargetAttributes = {
					6F68057B2859FAA7002AD69C = {
						CreatedOnToolsVersion = 13.4;
					};
					6F6805942859FAA9002AD69C = {
						CreatedOnToolsVersion = 13.4;
						TestTargetID = 6F68057B2859FAA7002AD69C;
					};
					6F68059E2859FAA9002AD69C = {
						CreatedOnToolsVersion = 13.4;
						TestTargetID = 6F68057B2859FAA7002AD69C;
					};
				};
			};
			buildConfigurationList = 6F6805772859FAA7002AD69C /* Build configuration list for PBXProject "MoveiBubu" */;
			compatibilityVersion = "Xcode 13.0";
			developmentRegion = en;
			hasScannedForEncodings = 0;
			knownRegions = (
				en,
				Base,
			);
			mainGroup = 6F6805732859FAA7002AD69C;
			packageReferences = (
				6FF9811F285A041C00D58AD1 /* XCRemoteSwiftPackageReference "Kingfisher" */,
			);
			productRefGroup = 6F68057D2859FAA7002AD69C /* Products */;
			projectDirPath = "";
			projectRoot = "";
			targets = (
				6F68057B2859FAA7002AD69C /* MoveiBubu */,
				6F6805942859FAA9002AD69C /* MoveiBubuTests */,
				6F68059E2859FAA9002AD69C /* MoveiBubuUITests */,
			);
		};
/* End PBXProject section */

/* Begin PBXResourcesBuildPhase section */
		6F68057A2859FAA7002AD69C /* Resources */ = {
			isa = PBXResourcesBuildPhase;
			buildActionMask = 2147483647;
			files = (
				6FF1718B285B76EC00A689A9 /* CastCollectionViewCell.xib in Resources */,
				6F68058F2859FAA9002AD69C /* LaunchScreen.storyboard in Resources */,
				6F6805BD2859FC56002AD69C /* ListTableViewCell.xib in Resources */,
				6F68058C2859FAA9002AD69C /* Assets.xcassets in Resources */,
				6F6805872859FAA7002AD69C /* Main.storyboard in Resources */,
				6FF17190285B788E00A689A9 /* RecommCollectionViewCell.xib in Resources */,
			);
			runOnlyForDeploymentPostprocessing = 0;
		};
		6F6805932859FAA9002AD69C /* Resources */ = {
			isa = PBXResourcesBuildPhase;
			buildActionMask = 2147483647;
			files = (
			);
			runOnlyForDeploymentPostprocessing = 0;
		};
		6F68059D2859FAA9002AD69C /* Resources */ = {
			isa = PBXResourcesBuildPhase;
			buildActionMask = 2147483647;
			files = (
			);
			runOnlyForDeploymentPostprocessing = 0;
		};
/* End PBXResourcesBuildPhase section */

/* Begin PBXSourcesBuildPhase section */
		6F6805782859FAA7002AD69C /* Sources */ = {
			isa = PBXSourcesBuildPhase;
			buildActionMask = 2147483647;
			files = (
				6FF98134285A070200D58AD1 /* DetailViewController.swift in Sources */,
				6FF1718A285B76EC00A689A9 /* CastCollectionViewCell.swift in Sources */,
				6FF17198285B81E000A689A9 /* creditsModel.swift in Sources */,
				6FF98131285A066300D58AD1 /* DetailModel.swift in Sources */,
				6FF98126285A054100D58AD1 /* ListResponse.swift in Sources */,
				6F68058A2859FAA7002AD69C /* MoveiBubu.xcdatamodeld in Sources */,
				6FF171A0285B82D700A689A9 /* CreditsServices.swift in Sources */,
				6FF1718F285B788E00A689A9 /* RecommCollectionViewCell.swift in Sources */,
				6FF17194285B7AA600A689A9 /* castModel.swift in Sources */,
				6F6805842859FAA7002AD69C /* ViewController.swift in Sources */,
				6FF9812C285A05CE00D58AD1 /* ListServices.swift in Sources */,
				6F6805802859FAA7002AD69C /* AppDelegate.swift in Sources */,
				6FF9812E285A063900D58AD1 /* DetailServices.swift in Sources */,
				6F6805B92859FC28002AD69C /* ListViewController.swift in Sources */,
				6FF98129285A058A00D58AD1 /* Network.swift in Sources */,
				6FF1719E285B828300A689A9 /* creditsResponse.swift in Sources */,
				6FF98124285A051000D58AD1 /* ListModel.swift in Sources */,
				6FF17196285B7B4800A689A9 /* castServices.swift in Sources */,
				6F6805822859FAA7002AD69C /* SceneDelegate.swift in Sources */,
				6F6805BC2859FC56002AD69C /* ListTableViewCell.swift in Sources */,
			);
			runOnlyForDeploymentPostprocessing = 0;
		};
		6F6805912859FAA9002AD69C /* Sources */ = {
			isa = PBXSourcesBuildPhase;
			buildActionMask = 2147483647;
			files = (
				6F68059A2859FAA9002AD69C /* MoveiBubuTests.swift in Sources */,
			);
			runOnlyForDeploymentPostprocessing = 0;
		};
		6F68059B2859FAA9002AD69C /* Sources */ = {
			isa = PBXSourcesBuildPhase;
			buildActionMask = 2147483647;
			files = (
				6F6805A42859FAA9002AD69C /* MoveiBubuUITests.swift in Sources */,
				6F6805A62859FAA9002AD69C /* MoveiBubuUITestsLaunchTests.swift in Sources */,
			);
			runOnlyForDeploymentPostprocessing = 0;
		};
/* End PBXSourcesBuildPhase section */

/* Begin PBXTargetDependency section */
		6F6805972859FAA9002AD69C /* PBXTargetDependency */ = {
			isa = PBXTargetDependency;
			target = 6F68057B2859FAA7002AD69C /* MoveiBubu */;
			targetProxy = 6F6805962859FAA9002AD69C /* PBXContainerItemProxy */;
		};
		6F6805A12859FAA9002AD69C /* PBXTargetDependency */ = {
			isa = PBXTargetDependency;
			target = 6F68057B2859FAA7002AD69C /* MoveiBubu */;
			targetProxy = 6F6805A02859FAA9002AD69C /* PBXContainerItemProxy */;
		};
/* End PBXTargetDependency section */

/* Begin PBXVariantGroup section */
		6F6805852859FAA7002AD69C /* Main.storyboard */ = {
			isa = PBXVariantGroup;
			children = (
				6F6805862859FAA7002AD69C /* Base */,
			);
			name = Main.storyboard;
			sourceTree = "<group>";
		};
		6F68058D2859FAA9002AD69C /* LaunchScreen.storyboard */ = {
			isa = PBXVariantGroup;
			children = (
				6F68058E2859FAA9002AD69C /* Base */,
			);
			name = LaunchScreen.storyboard;
			sourceTree = "<group>";
		};
/* End PBXVariantGroup section */

/* Begin XCBuildConfiguration section */
		6F6805A72859FAA9002AD69C /* Debug */ = {
			isa = XCBuildConfiguration;
			buildSettings = {
				ALWAYS_SEARCH_USER_PATHS = NO;
				CLANG_ANALYZER_NONNULL = YES;
				CLANG_ANALYZER_NUMBER_OBJECT_CONVERSION = YES_AGGRESSIVE;
				CLANG_CXX_LANGUAGE_STANDARD = "gnu++17";
				CLANG_ENABLE_MODULES = YES;
				CLANG_ENABLE_OBJC_ARC = YES;
				CLANG_ENABLE_OBJC_WEAK = YES;
				CLANG_WARN_BLOCK_CAPTURE_AUTORELEASING = YES;
				CLANG_WARN_BOOL_CONVERSION = YES;
				CLANG_WARN_COMMA = YES;
				CLANG_WARN_CONSTANT_CONVERSION = YES;
				CLANG_WARN_DEPRECATED_OBJC_IMPLEMENTATIONS = YES;
				CLANG_WARN_DIRECT_OBJC_ISA_USAGE = YES_ERROR;
				CLANG_WARN_DOCUMENTATION_COMMENTS = YES;
				CLANG_WARN_EMPTY_BODY = YES;
				CLANG_WARN_ENUM_CONVERSION = YES;
				CLANG_WARN_INFINITE_RECURSION = YES;
				CLANG_WARN_INT_CONVERSION = YES;
				CLANG_WARN_NON_LITERAL_NULL_CONVERSION = YES;
				CLANG_WARN_OBJC_IMPLICIT_RETAIN_SELF = YES;
				CLANG_WARN_OBJC_LITERAL_CONVERSION = YES;
				CLANG_WARN_OBJC_ROOT_CLASS = YES_ERROR;
				CLANG_WARN_QUOTED_INCLUDE_IN_FRAMEWORK_HEADER = YES;
				CLANG_WARN_RANGE_LOOP_ANALYSIS = YES;
				CLANG_WARN_STRICT_PROTOTYPES = YES;
				CLANG_WARN_SUSPICIOUS_MOVE = YES;
				CLANG_WARN_UNGUARDED_AVAILABILITY = YES_AGGRESSIVE;
				CLANG_WARN_UNREACHABLE_CODE = YES;
				CLANG_WARN__DUPLICATE_METHOD_MATCH = YES;
				COPY_PHASE_STRIP = NO;
				DEBUG_INFORMATION_FORMAT = dwarf;
				ENABLE_STRICT_OBJC_MSGSEND = YES;
				ENABLE_TESTABILITY = YES;
				GCC_C_LANGUAGE_STANDARD = gnu11;
				GCC_DYNAMIC_NO_PIC = NO;
				GCC_NO_COMMON_BLOCKS = YES;
				GCC_OPTIMIZATION_LEVEL = 0;
				GCC_PREPROCESSOR_DEFINITIONS = (
					"DEBUG=1",
					"$(inherited)",
				);
				GCC_WARN_64_TO_32_BIT_CONVERSION = YES;
				GCC_WARN_ABOUT_RETURN_TYPE = YES_ERROR;
				GCC_WARN_UNDECLARED_SELECTOR = YES;
				GCC_WARN_UNINITIALIZED_AUTOS = YES_AGGRESSIVE;
				GCC_WARN_UNUSED_FUNCTION = YES;
				GCC_WARN_UNUSED_VARIABLE = YES;
				IPHONEOS_DEPLOYMENT_TARGET = 15.5;
				MTL_ENABLE_DEBUG_INFO = INCLUDE_SOURCE;
				MTL_FAST_MATH = YES;
				ONLY_ACTIVE_ARCH = YES;
				SDKROOT = iphoneos;
				SWIFT_ACTIVE_COMPILATION_CONDITIONS = DEBUG;
				SWIFT_OPTIMIZATION_LEVEL = "-Onone";
			};
			name = Debug;
		};
		6F6805A82859FAA9002AD69C /* Release */ = {
			isa = XCBuildConfiguration;
			buildSettings = {
				ALWAYS_SEARCH_USER_PATHS = NO;
				CLANG_ANALYZER_NONNULL = YES;
				CLANG_ANALYZER_NUMBER_OBJECT_CONVERSION = YES_AGGRESSIVE;
				CLANG_CXX_LANGUAGE_STANDARD = "gnu++17";
				CLANG_ENABLE_MODULES = YES;
				CLANG_ENABLE_OBJC_ARC = YES;
				CLANG_ENABLE_OBJC_WEAK = YES;
				CLANG_WARN_BLOCK_CAPTURE_AUTORELEASING = YES;
				CLANG_WARN_BOOL_CONVERSION = YES;
				CLANG_WARN_COMMA = YES;
				CLANG_WARN_CONSTANT_CONVERSION = YES;
				CLANG_WARN_DEPRECATED_OBJC_IMPLEMENTATIONS = YES;
				CLANG_WARN_DIRECT_OBJC_ISA_USAGE = YES_ERROR;
				CLANG_WARN_DOCUMENTATION_COMMENTS = YES;
				CLANG_WARN_EMPTY_BODY = YES;
				CLANG_WARN_ENUM_CONVERSION = YES;
				CLANG_WARN_INFINITE_RECURSION = YES;
				CLANG_WARN_INT_CONVERSION = YES;
				CLANG_WARN_NON_LITERAL_NULL_CONVERSION = YES;
				CLANG_WARN_OBJC_IMPLICIT_RETAIN_SELF = YES;
				CLANG_WARN_OBJC_LITERAL_CONVERSION = YES;
				CLANG_WARN_OBJC_ROOT_CLASS = YES_ERROR;
				CLANG_WARN_QUOTED_INCLUDE_IN_FRAMEWORK_HEADER = YES;
				CLANG_WARN_RANGE_LOOP_ANALYSIS = YES;
				CLANG_WARN_STRICT_PROTOTYPES = YES;
				CLANG_WARN_SUSPICIOUS_MOVE = YES;
				CLANG_WARN_UNGUARDED_AVAILABILITY = YES_AGGRESSIVE;
				CLANG_WARN_UNREACHABLE_CODE = YES;
				CLANG_WARN__DUPLICATE_METHOD_MATCH = YES;
				COPY_PHASE_STRIP = NO;
				DEBUG_INFORMATION_FORMAT = "dwarf-with-dsym";
				ENABLE_NS_ASSERTIONS = NO;
				ENABLE_STRICT_OBJC_MSGSEND = YES;
				GCC_C_LANGUAGE_STANDARD = gnu11;
				GCC_NO_COMMON_BLOCKS = YES;
				GCC_WARN_64_TO_32_BIT_CONVERSION = YES;
				GCC_WARN_ABOUT_RETURN_TYPE = YES_ERROR;
				GCC_WARN_UNDECLARED_SELECTOR = YES;
				GCC_WARN_UNINITIALIZED_AUTOS = YES_AGGRESSIVE;
				GCC_WARN_UNUSED_FUNCTION = YES;
				GCC_WARN_UNUSED_VARIABLE = YES;
				IPHONEOS_DEPLOYMENT_TARGET = 15.5;
				MTL_ENABLE_DEBUG_INFO = NO;
				MTL_FAST_MATH = YES;
				SDKROOT = iphoneos;
				SWIFT_COMPILATION_MODE = wholemodule;
				SWIFT_OPTIMIZATION_LEVEL = "-O";
				VALIDATE_PRODUCT = YES;
			};
			name = Release;
		};
		6F6805AA2859FAA9002AD69C /* Debug */ = {
			isa = XCBuildConfiguration;
			buildSettings = {
				ASSETCATALOG_COMPILER_APPICON_NAME = AppIcon;
				ASSETCATALOG_COMPILER_GLOBAL_ACCENT_COLOR_NAME = AccentColor;
				CODE_SIGN_STYLE = Automatic;
				CURRENT_PROJECT_VERSION = 1;
				DEVELOPMENT_TEAM = FUF6MLCW8N;
				GENERATE_INFOPLIST_FILE = YES;
				INFOPLIST_FILE = MoveiBubu/Info.plist;
				INFOPLIST_KEY_UIApplicationSupportsIndirectInputEvents = YES;
				INFOPLIST_KEY_UILaunchStoryboardName = LaunchScreen;
				INFOPLIST_KEY_UIMainStoryboardFile = Main;
				INFOPLIST_KEY_UISupportedInterfaceOrientations_iPad = "UIInterfaceOrientationPortrait UIInterfaceOrientationPortraitUpsideDown UIInterfaceOrientationLandscapeLeft UIInterfaceOrientationLandscapeRight";
				INFOPLIST_KEY_UISupportedInterfaceOrientations_iPhone = "UIInterfaceOrientationPortrait UIInterfaceOrientationLandscapeLeft UIInterfaceOrientationLandscapeRight";
				LD_RUNPATH_SEARCH_PATHS = (
					"$(inherited)",
					"@executable_path/Frameworks",
				);
				MARKETING_VERSION = 1.0;
				PRODUCT_BUNDLE_IDENTIFIER = obss.MoveiBubu;
				PRODUCT_NAME = "$(TARGET_NAME)";
				SWIFT_EMIT_LOC_STRINGS = YES;
				SWIFT_VERSION = 5.0;
				TARGETED_DEVICE_FAMILY = "1,2";
			};
			name = Debug;
		};
		6F6805AB2859FAA9002AD69C /* Release */ = {
			isa = XCBuildConfiguration;
			buildSettings = {
				ASSETCATALOG_COMPILER_APPICON_NAME = AppIcon;
				ASSETCATALOG_COMPILER_GLOBAL_ACCENT_COLOR_NAME = AccentColor;
				CODE_SIGN_STYLE = Automatic;
				CURRENT_PROJECT_VERSION = 1;
				DEVELOPMENT_TEAM = FUF6MLCW8N;
				GENERATE_INFOPLIST_FILE = YES;
				INFOPLIST_FILE = MoveiBubu/Info.plist;
				INFOPLIST_KEY_UIApplicationSupportsIndirectInputEvents = YES;
				INFOPLIST_KEY_UILaunchStoryboardName = LaunchScreen;
				INFOPLIST_KEY_UIMainStoryboardFile = Main;
				INFOPLIST_KEY_UISupportedInterfaceOrientations_iPad = "UIInterfaceOrientationPortrait UIInterfaceOrientationPortraitUpsideDown UIInterfaceOrientationLandscapeLeft UIInterfaceOrientationLandscapeRight";
				INFOPLIST_KEY_UISupportedInterfaceOrientations_iPhone = "UIInterfaceOrientationPortrait UIInterfaceOrientationLandscapeLeft UIInterfaceOrientationLandscapeRight";
				LD_RUNPATH_SEARCH_PATHS = (
					"$(inherited)",
					"@executable_path/Frameworks",
				);
				MARKETING_VERSION = 1.0;
				PRODUCT_BUNDLE_IDENTIFIER = obss.MoveiBubu;
				PRODUCT_NAME = "$(TARGET_NAME)";
				SWIFT_EMIT_LOC_STRINGS = YES;
				SWIFT_VERSION = 5.0;
				TARGETED_DEVICE_FAMILY = "1,2";
			};
			name = Release;
		};
		6F6805AD2859FAA9002AD69C /* Debug */ = {
			isa = XCBuildConfiguration;
			buildSettings = {
				ALWAYS_EMBED_SWIFT_STANDARD_LIBRARIES = YES;
				BUNDLE_LOADER = "$(TEST_HOST)";
				CODE_SIGN_STYLE = Automatic;
				CURRENT_PROJECT_VERSION = 1;
				DEVELOPMENT_TEAM = FUF6MLCW8N;
				GENERATE_INFOPLIST_FILE = YES;
				IPHONEOS_DEPLOYMENT_TARGET = 15.5;
				MARKETING_VERSION = 1.0;
				PRODUCT_BUNDLE_IDENTIFIER = obss.MoveiBubuTests;
				PRODUCT_NAME = "$(TARGET_NAME)";
				SWIFT_EMIT_LOC_STRINGS = NO;
				SWIFT_VERSION = 5.0;
				TARGETED_DEVICE_FAMILY = "1,2";
				TEST_HOST = "$(BUILT_PRODUCTS_DIR)/MoveiBubu.app/MoveiBubu";
			};
			name = Debug;
		};
		6F6805AE2859FAA9002AD69C /* Release */ = {
			isa = XCBuildConfiguration;
			buildSettings = {
				ALWAYS_EMBED_SWIFT_STANDARD_LIBRARIES = YES;
				BUNDLE_LOADER = "$(TEST_HOST)";
				CODE_SIGN_STYLE = Automatic;
				CURRENT_PROJECT_VERSION = 1;
				DEVELOPMENT_TEAM = FUF6MLCW8N;
				GENERATE_INFOPLIST_FILE = YES;
				IPHONEOS_DEPLOYMENT_TARGET = 15.5;
				MARKETING_VERSION = 1.0;
				PRODUCT_BUNDLE_IDENTIFIER = obss.MoveiBubuTests;
				PRODUCT_NAME = "$(TARGET_NAME)";
				SWIFT_EMIT_LOC_STRINGS = NO;
				SWIFT_VERSION = 5.0;
				TARGETED_DEVICE_FAMILY = "1,2";
				TEST_HOST = "$(BUILT_PRODUCTS_DIR)/MoveiBubu.app/MoveiBubu";
			};
			name = Release;
		};
		6F6805B02859FAA9002AD69C /* Debug */ = {
			isa = XCBuildConfiguration;
			buildSettings = {
				ALWAYS_EMBED_SWIFT_STANDARD_LIBRARIES = YES;
				CODE_SIGN_STYLE = Automatic;
				CURRENT_PROJECT_VERSION = 1;
				DEVELOPMENT_TEAM = FUF6MLCW8N;
				GENERATE_INFOPLIST_FILE = YES;
				MARKETING_VERSION = 1.0;
				PRODUCT_BUNDLE_IDENTIFIER = obss.MoveiBubuUITests;
				PRODUCT_NAME = "$(TARGET_NAME)";
				SWIFT_EMIT_LOC_STRINGS = NO;
				SWIFT_VERSION = 5.0;
				TARGETED_DEVICE_FAMILY = "1,2";
				TEST_TARGET_NAME = MoveiBubu;
			};
			name = Debug;
		};
		6F6805B12859FAA9002AD69C /* Release */ = {
			isa = XCBuildConfiguration;
			buildSettings = {
				ALWAYS_EMBED_SWIFT_STANDARD_LIBRARIES = YES;
				CODE_SIGN_STYLE = Automatic;
				CURRENT_PROJECT_VERSION = 1;
				DEVELOPMENT_TEAM = FUF6MLCW8N;
				GENERATE_INFOPLIST_FILE = YES;
				MARKETING_VERSION = 1.0;
				PRODUCT_BUNDLE_IDENTIFIER = obss.MoveiBubuUITests;
				PRODUCT_NAME = "$(TARGET_NAME)";
				SWIFT_EMIT_LOC_STRINGS = NO;
				SWIFT_VERSION = 5.0;
				TARGETED_DEVICE_FAMILY = "1,2";
				TEST_TARGET_NAME = MoveiBubu;
			};
			name = Release;
		};
/* End XCBuildConfiguration section */

/* Begin XCConfigurationList section */
		6F6805772859FAA7002AD69C /* Build configuration list for PBXProject "MoveiBubu" */ = {
			isa = XCConfigurationList;
			buildConfigurations = (
				6F6805A72859FAA9002AD69C /* Debug */,
				6F6805A82859FAA9002AD69C /* Release */,
			);
			defaultConfigurationIsVisible = 0;
			defaultConfigurationName = Release;
		};
		6F6805A92859FAA9002AD69C /* Build configuration list for PBXNativeTarget "MoveiBubu" */ = {
			isa = XCConfigurationList;
			buildConfigurations = (
				6F6805AA2859FAA9002AD69C /* Debug */,
				6F6805AB2859FAA9002AD69C /* Release */,
			);
			defaultConfigurationIsVisible = 0;
			defaultConfigurationName = Release;
		};
		6F6805AC2859FAA9002AD69C /* Build configuration list for PBXNativeTarget "MoveiBubuTests" */ = {
			isa = XCConfigurationList;
			buildConfigurations = (
				6F6805AD2859FAA9002AD69C /* Debug */,
				6F6805AE2859FAA9002AD69C /* Release */,
			);
			defaultConfigurationIsVisible = 0;
			defaultConfigurationName = Release;
		};
		6F6805AF2859FAA9002AD69C /* Build configuration list for PBXNativeTarget "MoveiBubuUITests" */ = {
			isa = XCConfigurationList;
			buildConfigurations = (
				6F6805B02859FAA9002AD69C /* Debug */,
				6F6805B12859FAA9002AD69C /* Release */,
			);
			defaultConfigurationIsVisible = 0;
			defaultConfigurationName = Release;
		};
/* End XCConfigurationList section */

/* Begin XCRemoteSwiftPackageReference section */
		6FF9811F285A041C00D58AD1 /* XCRemoteSwiftPackageReference "Kingfisher" */ = {
			isa = XCRemoteSwiftPackageReference;
			repositoryURL = "https://github.com/onevcat/Kingfisher.git";
			requirement = {
				branch = master;
				kind = branch;
			};
		};
/* End XCRemoteSwiftPackageReference section */

/* Begin XCSwiftPackageProductDependency section */
		6FF98120285A041C00D58AD1 /* Kingfisher */ = {
			isa = XCSwiftPackageProductDependency;
			package = 6FF9811F285A041C00D58AD1 /* XCRemoteSwiftPackageReference "Kingfisher" */;
			productName = Kingfisher;
		};
/* End XCSwiftPackageProductDependency section */

/* Begin XCVersionGroup section */
		6F6805882859FAA7002AD69C /* MoveiBubu.xcdatamodeld */ = {
			isa = XCVersionGroup;
			children = (
				6F6805892859FAA7002AD69C /* MoveiBubu.xcdatamodel */,
			);
			currentVersion = 6F6805892859FAA7002AD69C /* MoveiBubu.xcdatamodel */;
			path = MoveiBubu.xcdatamodeld;
			sourceTree = "<group>";
			versionGroupType = wrapper.xcdatamodel;
		};
/* End XCVersionGroup section */
	};
	rootObject = 6F6805742859FAA7002AD69C /* Project object */;
}
